
Microsoft Visual Studio Solution File, Format Version 12.00
# Visual Studio 15
Project("{FAE04EC0-301F-11D3-BF4B-00C04F79EFBC}") = "Assembly-CSharp", "Assembly-CSharp.csproj", "{4D3EA0C3-6AD3-49E1-15BA-E731ABAFC1BC}"
EndProject
Project("{FAE04EC0-301F-11D3-BF4B-00C04F79EFBC}") = "Assembly-CSharp-Editor", "Assembly-CSharp-Editor.csproj", "{D99472A8-CF4C-290A-4B57-2228FF30421F}"
EndProject
Global
	GlobalSection(SolutionConfigurationPlatforms) = preSolution
		Debug|Any CPU = Debug|Any CPU
		Release|Any CPU = Release|Any CPU
	EndGlobalSection
	GlobalSection(ProjectConfigurationPlatforms) = postSolution
		{4D3EA0C3-6AD3-49E1-15BA-E731ABAFC1BC}.Debug|Any CPU.ActiveCfg = Debug|Any CPU
		{4D3EA0C3-6AD3-49E1-15BA-E731ABAFC1BC}.Debug|Any CPU.Build.0 = Debug|Any CPU
		{4D3EA0C3-6AD3-49E1-15BA-E731ABAFC1BC}.Release|Any CPU.ActiveCfg = Release|Any CPU
		{4D3EA0C3-6AD3-49E1-15BA-E731ABAFC1BC}.Release|Any CPU.Build.0 = Release|Any CPU
		{D99472A8-CF4C-290A-4B57-2228FF30421F}.Debug|Any CPU.ActiveCfg = Debug|Any CPU
		{D99472A8-CF4C-290A-4B57-2228FF30421F}.Debug|Any CPU.Build.0 = Debug|Any CPU
		{D99472A8-CF4C-290A-4B57-2228FF30421F}.Release|Any CPU.ActiveCfg = Release|Any CPU
		{D99472A8-CF4C-290A-4B57-2228FF30421F}.Release|Any CPU.Build.0 = Release|Any CPU
	EndGlobalSection
	GlobalSection(SolutionProperties) = preSolution
		HideSolutionNode = FALSE
	EndGlobalSection
EndGlobal
